
Microsoft Visual Studio Solution File, Format Version 12.00
# Visual Studio Version 17
VisualStudioVersion = 17.3.32901.215
MinimumVisualStudioVersion = 10.0.40219.1
Project("{FAE04EC0-301F-11D3-BF4B-00C04F79EFBC}") = "final_project_WPF_12062024", "final_project_WPF_12062024\final_project_WPF_12062024.csproj", "{28399C65-4AD3-4DDA-85DE-A6B877A4B2BB}"
EndProject
Global
	GlobalSection(SolutionConfigurationPlatforms) = preSolution
		Debug|Any CPU = Debug|Any CPU
		Release|Any CPU = Release|Any CPU
	EndGlobalSection
	GlobalSection(ProjectConfigurationPlatforms) = postSolution
		{28399C65-4AD3-4DDA-85DE-A6B877A4B2BB}.Debug|Any CPU.ActiveCfg = Debug|Any CPU
		{28399C65-4AD3-4DDA-85DE-A6B877A4B2BB}.Debug|Any CPU.Build.0 = Debug|Any CPU
		{28399C65-4AD3-4DDA-85DE-A6B877A4B2BB}.Release|Any CPU.ActiveCfg = Release|Any CPU
		{28399C65-4AD3-4DDA-85DE-A6B877A4B2BB}.Release|Any CPU.Build.0 = Release|Any CPU
	EndGlobalSection
	GlobalSection(SolutionProperties) = preSolution
		HideSolutionNode = FALSE
	EndGlobalSection
	GlobalSection(ExtensibilityGlobals) = postSolution
		SolutionGuid = {1297E69F-7AF4-483C-AA89-464E7275AE69}
	EndGlobalSection
EndGlobal
